
Microsoft Visual Studio Solution File, Format Version 12.00
# Visual Studio Version 16
VisualStudioVersion = 16.0.30523.141
MinimumVisualStudioVersion = 10.0.40219.1
Project("{FAE04EC0-301F-11D3-BF4B-00C04F79EFBC}") = "XmlToJson", "XmlToJson\XmlToJson.csproj", "{47DE83E7-5AAD-46BC-B2D6-B5FD17C802E5}"
EndProject
Project("{FAE04EC0-301F-11D3-BF4B-00C04F79EFBC}") = "XmlToJson.Tests", "XmlToJson.Tests\XmlToJson.Tests.csproj", "{3ACE5101-04DB-4A9D-80AE-6F249A202360}"
EndProject
Global
	GlobalSection(SolutionConfigurationPlatforms) = preSolution
		Debug|Any CPU = Debug|Any CPU
		Release|Any CPU = Release|Any CPU
	EndGlobalSection
	GlobalSection(ProjectConfigurationPlatforms) = postSolution
		{47DE83E7-5AAD-46BC-B2D6-B5FD17C802E5}.Debug|Any CPU.ActiveCfg = Debug|Any CPU
		{47DE83E7-5AAD-46BC-B2D6-B5FD17C802E5}.Debug|Any CPU.Build.0 = Debug|Any CPU
		{47DE83E7-5AAD-46BC-B2D6-B5FD17C802E5}.Release|Any CPU.ActiveCfg = Release|Any CPU
		{47DE83E7-5AAD-46BC-B2D6-B5FD17C802E5}.Release|Any CPU.Build.0 = Release|Any CPU
		{3ACE5101-04DB-4A9D-80AE-6F249A202360}.Debug|Any CPU.ActiveCfg = Debug|Any CPU
		{3ACE5101-04DB-4A9D-80AE-6F249A202360}.Debug|Any CPU.Build.0 = Debug|Any CPU
		{3ACE5101-04DB-4A9D-80AE-6F249A202360}.Release|Any CPU.ActiveCfg = Release|Any CPU
		{3ACE5101-04DB-4A9D-80AE-6F249A202360}.Release|Any CPU.Build.0 = Release|Any CPU
	EndGlobalSection
	GlobalSection(SolutionProperties) = preSolution
		HideSolutionNode = FALSE
	EndGlobalSection
	GlobalSection(ExtensibilityGlobals) = postSolution
		SolutionGuid = {B4D39841-D419-4D7F-AF3A-6F9D785346FF}
	EndGlobalSection
EndGlobal
